schema: '2.0'
stages:
  train:
    cmd: python tblr/bin/train.py --test_size 0.2 --seed      42 --data          data/raw/train.csv
      --output_scores scores.json
    deps:
    - path: data/raw/train.csv
      md5: 59e2c168714c6aef5dbd2c33db1c8a47
      size: 903782547
    - path: tblr
      md5: 2bf974cff55e9dfb891c5f9aa7d8eb37.dir
      size: 6979
      nfiles: 8
    params:
      params.yaml:
        train.seed: 42
        train.test_size: 0.2
    outs:
    - path: scores.json
      md5: 1d8f4ed4d0f52c70622ef3ab22943808
      size: 31
